
Microsoft Visual Studio Solution File, Format Version 12.00
# Visual Studio 15
VisualStudioVersion = 15.0.28307.572
MinimumVisualStudioVersion = 10.0.40219.1
Project("{FAE04EC0-301F-11D3-BF4B-00C04F79EFBC}") = "DotNetRazorPages", "DotNetRazorPages\DotNetRazorPages.csproj", "{569066E3-8572-4479-87BA-612C6DBC962B}"
EndProject
Global
	GlobalSection(SolutionConfigurationPlatforms) = preSolution
		Debug|Any CPU = Debug|Any CPU
		Release|Any CPU = Release|Any CPU
	EndGlobalSection
	GlobalSection(ProjectConfigurationPlatforms) = postSolution
		{569066E3-8572-4479-87BA-612C6DBC962B}.Debug|Any CPU.ActiveCfg = Debug|Any CPU
		{569066E3-8572-4479-87BA-612C6DBC962B}.Debug|Any CPU.Build.0 = Debug|Any CPU
		{569066E3-8572-4479-87BA-612C6DBC962B}.Release|Any CPU.ActiveCfg = Release|Any CPU
		{569066E3-8572-4479-87BA-612C6DBC962B}.Release|Any CPU.Build.0 = Release|Any CPU
	EndGlobalSection
	GlobalSection(SolutionProperties) = preSolution
		HideSolutionNode = FALSE
	EndGlobalSection
	GlobalSection(ExtensibilityGlobals) = postSolution
		SolutionGuid = {E165722B-ECD5-47F2-9394-5B20E3DDE05A}
	EndGlobalSection
EndGlobal
